// !$*UTF8*$!
{
	archiveVersion = 1;
	classes = {
	};
	objectVersion = 46;
	objects = {

/* Begin PBXBuildFile section */
		2F0029091DA2D5AF00A06C65 /* MemoryManager.cpp in Sources */ = {isa = PBXBuildFile; fileRef = 2F0029071DA2D5AF00A06C65 /* MemoryManager.cpp */; };
		2F72BC391D9AFCF6009CC1CC /* main.cpp in Sources */ = {isa = PBXBuildFile; fileRef = 2F72BC381D9AFCF6009CC1CC /* main.cpp */; };
		2FF17E591D9B32D800D2E207 /* instructions.cpp in Sources */ = {isa = PBXBuildFile; fileRef = 2FF17E511D9B32D800D2E207 /* instructions.cpp */; };
		2FF17E5A1D9B32D800D2E207 /* MemoryMap.cpp in Sources */ = {isa = PBXBuildFile; fileRef = 2FF17E531D9B32D800D2E207 /* MemoryMap.cpp */; };
		2FF17E5B1D9B32D800D2E207 /* utils.cpp in Sources */ = {isa = PBXBuildFile; fileRef = 2FF17E551D9B32D800D2E207 /* utils.cpp */; };
		2FF17E5C1D9B32D800D2E207 /* Z80.cpp in Sources */ = {isa = PBXBuildFile; fileRef = 2FF17E571D9B32D800D2E207 /* Z80.cpp */; };
		2FF17E5F1D9C428F00D2E207 /* LCD.cpp in Sources */ = {isa = PBXBuildFile; fileRef = 2FF17E5D1D9C428F00D2E207 /* LCD.cpp */; };
		2FF17E621D9C54C400D2E207 /* RomHandler.cpp in Sources */ = {isa = PBXBuildFile; fileRef = 2FF17E601D9C54C400D2E207 /* RomHandler.cpp */; };
		2FF17E651D9EE41C00D2E207 /* SDL2.framework in Frameworks */ = {isa = PBXBuildFile; fileRef = 2FF17E641D9EE41C00D2E207 /* SDL2.framework */; };
		2FF17E681D9EF7E300D2E207 /* HardwareIORegs.cpp in Sources */ = {isa = PBXBuildFile; fileRef = 2FF17E661D9EF7E300D2E207 /* HardwareIORegs.cpp */; };
		2FF69BAA1DA82AD800474B10 /* InputManager.cpp in Sources */ = {isa = PBXBuildFile; fileRef = 2FF69BA81DA82AD800474B10 /* InputManager.cpp */; };
/* End PBXBuildFile section */

/* Begin PBXCopyFilesBuildPhase section */
		2F72BC331D9AFCF6009CC1CC /* CopyFiles */ = {
			isa = PBXCopyFilesBuildPhase;
			buildActionMask = 2147483647;
			dstPath = /usr/share/man/man1/;
			dstSubfolderSpec = 0;
			files = (
			);
			runOnlyForDeploymentPostprocessing = 1;
		};
/* End PBXCopyFilesBuildPhase section */

/* Begin PBXFileReference section */
		2F0029071DA2D5AF00A06C65 /* MemoryManager.cpp */ = {isa = PBXFileReference; fileEncoding = 4; lastKnownFileType = sourcecode.cpp.cpp; path = MemoryManager.cpp; sourceTree = "<group>"; };
		2F0029081DA2D5AF00A06C65 /* MemoryManager.hpp */ = {isa = PBXFileReference; fileEncoding = 4; lastKnownFileType = sourcecode.cpp.h; path = MemoryManager.hpp; sourceTree = "<group>"; };
		2F72BC351D9AFCF6009CC1CC /* GameboyEmu */ = {isa = PBXFileReference; explicitFileType = "compiled.mach-o.executable"; includeInIndex = 0; path = GameboyEmu; sourceTree = BUILT_PRODUCTS_DIR; };
		2F72BC381D9AFCF6009CC1CC /* main.cpp */ = {isa = PBXFileReference; lastKnownFileType = sourcecode.cpp.cpp; path = main.cpp; sourceTree = "<group>"; };
		2FF17E511D9B32D800D2E207 /* instructions.cpp */ = {isa = PBXFileReference; fileEncoding = 4; lastKnownFileType = sourcecode.cpp.cpp; path = instructions.cpp; sourceTree = "<group>"; };
		2FF17E521D9B32D800D2E207 /* instructions.hpp */ = {isa = PBXFileReference; fileEncoding = 4; lastKnownFileType = sourcecode.cpp.h; path = instructions.hpp; sourceTree = "<group>"; };
		2FF17E531D9B32D800D2E207 /* MemoryMap.cpp */ = {isa = PBXFileReference; fileEncoding = 4; lastKnownFileType = sourcecode.cpp.cpp; path = MemoryMap.cpp; sourceTree = "<group>"; };
		2FF17E541D9B32D800D2E207 /* MemoryMap.hpp */ = {isa = PBXFileReference; fileEncoding = 4; lastKnownFileType = sourcecode.cpp.h; path = MemoryMap.hpp; sourceTree = "<group>"; };
		2FF17E551D9B32D800D2E207 /* utils.cpp */ = {isa = PBXFileReference; fileEncoding = 4; lastKnownFileType = sourcecode.cpp.cpp; path = utils.cpp; sourceTree = "<group>"; };
		2FF17E561D9B32D800D2E207 /* utils.hpp */ = {isa = PBXFileReference; fileEncoding = 4; lastKnownFileType = sourcecode.cpp.h; path = utils.hpp; sourceTree = "<group>"; };
		2FF17E571D9B32D800D2E207 /* Z80.cpp */ = {isa = PBXFileReference; fileEncoding = 4; lastKnownFileType = sourcecode.cpp.cpp; path = Z80.cpp; sourceTree = "<group>"; };
		2FF17E581D9B32D800D2E207 /* Z80.hpp */ = {isa = PBXFileReference; fileEncoding = 4; lastKnownFileType = sourcecode.cpp.h; path = Z80.hpp; sourceTree = "<group>"; };
		2FF17E5D1D9C428F00D2E207 /* LCD.cpp */ = {isa = PBXFileReference; fileEncoding = 4; lastKnownFileType = sourcecode.cpp.cpp; path = LCD.cpp; sourceTree = "<group>"; };
		2FF17E5E1D9C428F00D2E207 /* LCD.hpp */ = {isa = PBXFileReference; fileEncoding = 4; lastKnownFileType = sourcecode.cpp.h; path = LCD.hpp; sourceTree = "<group>"; };
		2FF17E601D9C54C400D2E207 /* RomHandler.cpp */ = {isa = PBXFileReference; fileEncoding = 4; lastKnownFileType = sourcecode.cpp.cpp; path = RomHandler.cpp; sourceTree = "<group>"; };
		2FF17E611D9C54C400D2E207 /* RomHandler.hpp */ = {isa = PBXFileReference; fileEncoding = 4; lastKnownFileType = sourcecode.cpp.h; path = RomHandler.hpp; sourceTree = "<group>"; };
		2FF17E641D9EE41C00D2E207 /* SDL2.framework */ = {isa = PBXFileReference; lastKnownFileType = wrapper.framework; name = SDL2.framework; path = ../../../../../../../../Library/Frameworks/SDL2.framework; sourceTree = "<group>"; };
		2FF17E661D9EF7E300D2E207 /* HardwareIORegs.cpp */ = {isa = PBXFileReference; fileEncoding = 4; lastKnownFileType = sourcecode.cpp.cpp; path = HardwareIORegs.cpp; sourceTree = "<group>"; };
		2FF17E671D9EF7E300D2E207 /* HardwareIORegs.hpp */ = {isa = PBXFileReference; fileEncoding = 4; lastKnownFileType = sourcecode.cpp.h; path = HardwareIORegs.hpp; sourceTree = "<group>"; };
		2FF69BA81DA82AD800474B10 /* InputManager.cpp */ = {isa = PBXFileReference; fileEncoding = 4; lastKnownFileType = sourcecode.cpp.cpp; path = InputManager.cpp; sourceTree = "<group>"; };
		2FF69BA91DA82AD800474B10 /* InputManager.hpp */ = {isa = PBXFileReference; fileEncoding = 4; lastKnownFileType = sourcecode.cpp.h; path = InputManager.hpp; sourceTree = "<group>"; };
/* End PBXFileReference section */

/* Begin PBXFrameworksBuildPhase section */
		2F72BC321D9AFCF6009CC1CC /* Frameworks */ = {
			isa = PBXFrameworksBuildPhase;
			buildActionMask = 2147483647;
			files = (
				2FF17E651D9EE41C00D2E207 /* SDL2.framework in Frameworks */,
			);
			runOnlyForDeploymentPostprocessing = 0;
		};
/* End PBXFrameworksBuildPhase section */

/* Begin PBXGroup section */
		2F72BC2C1D9AFCF6009CC1CC = {
			isa = PBXGroup;
			children = (
				2F72BC371D9AFCF6009CC1CC /* GameboyEmu */,
				2F72BC361D9AFCF6009CC1CC /* Products */,
				2FF17E631D9EE41C00D2E207 /* Frameworks */,
			);
			sourceTree = "<group>";
		};
		2F72BC361D9AFCF6009CC1CC /* Products */ = {
			isa = PBXGroup;
			children = (
				2F72BC351D9AFCF6009CC1CC /* GameboyEmu */,
			);
			name = Products;
			sourceTree = "<group>";
		};
		2F72BC371D9AFCF6009CC1CC /* GameboyEmu */ = {
			isa = PBXGroup;
			children = (
				2FF17E511D9B32D800D2E207 /* instructions.cpp */,
				2FF17E521D9B32D800D2E207 /* instructions.hpp */,
				2FF17E531D9B32D800D2E207 /* MemoryMap.cpp */,
				2FF17E541D9B32D800D2E207 /* MemoryMap.hpp */,
				2F0029071DA2D5AF00A06C65 /* MemoryManager.cpp */,
				2F0029081DA2D5AF00A06C65 /* MemoryManager.hpp */,
				2FF17E5D1D9C428F00D2E207 /* LCD.cpp */,
				2FF17E5E1D9C428F00D2E207 /* LCD.hpp */,
				2FF17E601D9C54C400D2E207 /* RomHandler.cpp */,
				2FF17E611D9C54C400D2E207 /* RomHandler.hpp */,
				2FF17E661D9EF7E300D2E207 /* HardwareIORegs.cpp */,
				2FF17E671D9EF7E300D2E207 /* HardwareIORegs.hpp */,
				2FF17E551D9B32D800D2E207 /* utils.cpp */,
				2FF17E561D9B32D800D2E207 /* utils.hpp */,
				2FF17E571D9B32D800D2E207 /* Z80.cpp */,
				2FF17E581D9B32D800D2E207 /* Z80.hpp */,
				2F72BC381D9AFCF6009CC1CC /* main.cpp */,
				2FF69BA81DA82AD800474B10 /* InputManager.cpp */,
				2FF69BA91DA82AD800474B10 /* InputManager.hpp */,
			);
			path = GameboyEmu;
			sourceTree = "<group>";
		};
		2FF17E631D9EE41C00D2E207 /* Frameworks */ = {
			isa = PBXGroup;
			children = (
				2FF17E641D9EE41C00D2E207 /* SDL2.framework */,
			);
			name = Frameworks;
			sourceTree = "<group>";
		};
/* End PBXGroup section */

/* Begin PBXNativeTarget section */
		2F72BC341D9AFCF6009CC1CC /* GameboyEmu */ = {
			isa = PBXNativeTarget;
			buildConfigurationList = 2F72BC3C1D9AFCF6009CC1CC /* Build configuration list for PBXNativeTarget "GameboyEmu" */;
			buildPhases = (
				2F72BC311D9AFCF6009CC1CC /* Sources */,
				2F72BC321D9AFCF6009CC1CC /* Frameworks */,
				2F72BC331D9AFCF6009CC1CC /* CopyFiles */,
			);
			buildRules = (
			);
			dependencies = (
			);
			name = GameboyEmu;
			productName = GameboyEmu;
			productReference = 2F72BC351D9AFCF6009CC1CC /* GameboyEmu */;
			productType = "com.apple.product-type.tool";
		};
/* End PBXNativeTarget section */

/* Begin PBXProject section */
		2F72BC2D1D9AFCF6009CC1CC /* Project object */ = {
			isa = PBXProject;
			attributes = {
				LastUpgradeCheck = 0800;
				ORGANIZATIONNAME = "David Spickett";
				TargetAttributes = {
					2F72BC341D9AFCF6009CC1CC = {
						CreatedOnToolsVersion = 8.0;
						ProvisioningStyle = Automatic;
					};
				};
			};
			buildConfigurationList = 2F72BC301D9AFCF6009CC1CC /* Build configuration list for PBXProject "GameboyEmu" */;
			compatibilityVersion = "Xcode 3.2";
			developmentRegion = English;
			hasScannedForEncodings = 0;
			knownRegions = (
				en,
			);
			mainGroup = 2F72BC2C1D9AFCF6009CC1CC;
			productRefGroup = 2F72BC361D9AFCF6009CC1CC /* Products */;
			projectDirPath = "";
			projectRoot = "";
			targets = (
				2F72BC341D9AFCF6009CC1CC /* GameboyEmu */,
			);
		};
/* End PBXProject section */

/* Begin PBXSourcesBuildPhase section */
		2F72BC311D9AFCF6009CC1CC /* Sources */ = {
			isa = PBXSourcesBuildPhase;
			buildActionMask = 2147483647;
			files = (
				2FF17E5C1D9B32D800D2E207 /* Z80.cpp in Sources */,
				2FF17E591D9B32D800D2E207 /* instructions.cpp in Sources */,
				2FF17E681D9EF7E300D2E207 /* HardwareIORegs.cpp in Sources */,
				2F0029091DA2D5AF00A06C65 /* MemoryManager.cpp in Sources */,
				2FF69BAA1DA82AD800474B10 /* InputManager.cpp in Sources */,
				2FF17E5A1D9B32D800D2E207 /* MemoryMap.cpp in Sources */,
				2FF17E621D9C54C400D2E207 /* RomHandler.cpp in Sources */,
				2FF17E5F1D9C428F00D2E207 /* LCD.cpp in Sources */,
				2F72BC391D9AFCF6009CC1CC /* main.cpp in Sources */,
				2FF17E5B1D9B32D800D2E207 /* utils.cpp in Sources */,
			);
			runOnlyForDeploymentPostprocessing = 0;
		};
/* End PBXSourcesBuildPhase section */

/* Begin XCBuildConfiguration section */
		2F72BC3A1D9AFCF6009CC1CC /* Debug */ = {
			isa = XCBuildConfiguration;
			buildSettings = {
				ALWAYS_SEARCH_USER_PATHS = NO;
				CLANG_ANALYZER_NONNULL = YES;
				CLANG_CXX_LANGUAGE_STANDARD = "gnu++0x";
				CLANG_CXX_LIBRARY = "libc++";
				CLANG_ENABLE_MODULES = YES;
				CLANG_ENABLE_OBJC_ARC = YES;
				CLANG_WARN_BOOL_CONVERSION = YES;
				CLANG_WARN_CONSTANT_CONVERSION = YES;
				CLANG_WARN_DIRECT_OBJC_ISA_USAGE = YES_ERROR;
				CLANG_WARN_DOCUMENTATION_COMMENTS = YES;
				CLANG_WARN_EMPTY_BODY = YES;
				CLANG_WARN_ENUM_CONVERSION = YES;
				CLANG_WARN_INFINITE_RECURSION = YES;
				CLANG_WARN_INT_CONVERSION = YES;
				CLANG_WARN_OBJC_ROOT_CLASS = YES_ERROR;
				CLANG_WARN_SUSPICIOUS_MOVES = YES;
				CLANG_WARN_UNREACHABLE_CODE = YES;
				CLANG_WARN__DUPLICATE_METHOD_MATCH = YES;
				CODE_SIGN_IDENTITY = "-";
				COPY_PHASE_STRIP = NO;
				DEBUG_INFORMATION_FORMAT = dwarf;
				ENABLE_STRICT_OBJC_MSGSEND = YES;
				ENABLE_TESTABILITY = YES;
				GCC_C_LANGUAGE_STANDARD = gnu99;
				GCC_DYNAMIC_NO_PIC = NO;
				GCC_NO_COMMON_BLOCKS = YES;
				GCC_OPTIMIZATION_LEVEL = 0;
				GCC_PREPROCESSOR_DEFINITIONS = (
					"DEBUG=1",
					"$(inherited)",
				);
				GCC_WARN_64_TO_32_BIT_CONVERSION = YES;
				GCC_WARN_ABOUT_RETURN_TYPE = YES_ERROR;
				GCC_WARN_UNDECLARED_SELECTOR = YES;
				GCC_WARN_UNINITIALIZED_AUTOS = YES_AGGRESSIVE;
				GCC_WARN_UNUSED_FUNCTION = YES;
				GCC_WARN_UNUSED_VARIABLE = YES;
				MACOSX_DEPLOYMENT_TARGET = 10.11;
				MTL_ENABLE_DEBUG_INFO = YES;
				ONLY_ACTIVE_ARCH = YES;
				SDKROOT = macosx;
			};
			name = Debug;
		};
		2F72BC3B1D9AFCF6009CC1CC /* Release */ = {
			isa = XCBuildConfiguration;
			buildSettings = {
				ALWAYS_SEARCH_USER_PATHS = NO;
				CLANG_ANALYZER_NONNULL = YES;
				CLANG_CXX_LANGUAGE_STANDARD = "gnu++0x";
				CLANG_CXX_LIBRARY = "libc++";
				CLANG_ENABLE_MODULES = YES;
				CLANG_ENABLE_OBJC_ARC = YES;
				CLANG_WARN_BOOL_CONVERSION = YES;
				CLANG_WARN_CONSTANT_CONVERSION = YES;
				CLANG_WARN_DIRECT_OBJC_ISA_USAGE = YES_ERROR;
				CLANG_WARN_DOCUMENTATION_COMMENTS = YES;
				CLANG_WARN_EMPTY_BODY = YES;
				CLANG_WARN_ENUM_CONVERSION = YES;
				CLANG_WARN_INFINITE_RECURSION = YES;
				CLANG_WARN_INT_CONVERSION = YES;
				CLANG_WARN_OBJC_ROOT_CLASS = YES_ERROR;
				CLANG_WARN_SUSPICIOUS_MOVES = YES;
				CLANG_WARN_UNREACHABLE_CODE = YES;
				CLANG_WARN__DUPLICATE_METHOD_MATCH = YES;
				CODE_SIGN_IDENTITY = "-";
				COPY_PHASE_STRIP = NO;
				DEBUG_INFORMATION_FORMAT = "dwarf-with-dsym";
				ENABLE_NS_ASSERTIONS = NO;
				ENABLE_STRICT_OBJC_MSGSEND = YES;
				GCC_C_LANGUAGE_STANDARD = gnu99;
				GCC_NO_COMMON_BLOCKS = YES;
				GCC_WARN_64_TO_32_BIT_CONVERSION = YES;
				GCC_WARN_ABOUT_RETURN_TYPE = YES_ERROR;
				GCC_WARN_UNDECLARED_SELECTOR = YES;
				GCC_WARN_UNINITIALIZED_AUTOS = YES_AGGRESSIVE;
				GCC_WARN_UNUSED_FUNCTION = YES;
				GCC_WARN_UNUSED_VARIABLE = YES;
				MACOSX_DEPLOYMENT_TARGET = 10.11;
				MTL_ENABLE_DEBUG_INFO = NO;
				SDKROOT = macosx;
			};
			name = Release;
		};
		2F72BC3D1D9AFCF6009CC1CC /* Debug */ = {
			isa = XCBuildConfiguration;
			buildSettings = {
				CLANG_CXX_LIBRARY = "libc++";
				FRAMEWORK_SEARCH_PATHS = (
					"$(inherited)",
					"$(LOCAL_LIBRARY_DIR)/Frameworks",
				);
				PRODUCT_NAME = "$(TARGET_NAME)";
			};
			name = Debug;
		};
		2F72BC3E1D9AFCF6009CC1CC /* Release */ = {
			isa = XCBuildConfiguration;
			buildSettings = {
				CLANG_CXX_LIBRARY = "libc++";
				FRAMEWORK_SEARCH_PATHS = (
					"$(inherited)",
					"$(LOCAL_LIBRARY_DIR)/Frameworks",
				);
				PRODUCT_NAME = "$(TARGET_NAME)";
			};
			name = Release;
		};
/* End XCBuildConfiguration section */

/* Begin XCConfigurationList section */
		2F72BC301D9AFCF6009CC1CC /* Build configuration list for PBXProject "GameboyEmu" */ = {
			isa = XCConfigurationList;
			buildConfigurations = (
				2F72BC3A1D9AFCF6009CC1CC /* Debug */,
				2F72BC3B1D9AFCF6009CC1CC /* Release */,
			);
			defaultConfigurationIsVisible = 0;
			defaultConfigurationName = Release;
		};
		2F72BC3C1D9AFCF6009CC1CC /* Build configuration list for PBXNativeTarget "GameboyEmu" */ = {
			isa = XCConfigurationList;
			buildConfigurations = (
				2F72BC3D1D9AFCF6009CC1CC /* Debug */,
				2F72BC3E1D9AFCF6009CC1CC /* Release */,
			);
			defaultConfigurationIsVisible = 0;
			defaultConfigurationName = Release;
		};
/* End XCConfigurationList section */
	};
	rootObject = 2F72BC2D1D9AFCF6009CC1CC /* Project object */;
}
